// !$*UTF8*$!
{
	archiveVersion = 1;
	classes = {
	};
	objectVersion = 55;
	objects = {

/* Begin PBXBuildFile section */
		2D0DBF6728444541007722B9 /* FBBagLocationViewModel.swift in Sources */ = {isa = PBXBuildFile; fileRef = 2D0DBF6628444541007722B9 /* FBBagLocationViewModel.swift */; };
		2D0DBF6A28444702007722B9 /* FirebaseFirestore in Frameworks */ = {isa = PBXBuildFile; productRef = 2D0DBF6928444702007722B9 /* FirebaseFirestore */; };
		2D0DBF6C28444702007722B9 /* FirebaseFirestoreCombine-Community in Frameworks */ = {isa = PBXBuildFile; productRef = 2D0DBF6B28444702007722B9 /* FirebaseFirestoreCombine-Community */; };
		2D0DBF6E28444702007722B9 /* FirebaseFirestoreSwift in Frameworks */ = {isa = PBXBuildFile; productRef = 2D0DBF6D28444702007722B9 /* FirebaseFirestoreSwift */; };
		2D0DBF7028444714007722B9 /* GoogleService-Info.plist in Resources */ = {isa = PBXBuildFile; fileRef = 2D0DBF6F28444714007722B9 /* GoogleService-Info.plist */; };
		2D0DBF7228444736007722B9 /* FBLocation.swift in Sources */ = {isa = PBXBuildFile; fileRef = 2D0DBF7128444736007722B9 /* FBLocation.swift */; };
		2D0DBF752844487F007722B9 /* MapView.swift in Sources */ = {isa = PBXBuildFile; fileRef = 2D0DBF742844487F007722B9 /* MapView.swift */; };
		2D0DBF77284485D8007722B9 /* ListView.swift in Sources */ = {isa = PBXBuildFile; fileRef = 2D0DBF76284485D8007722B9 /* ListView.swift */; };
		2D3D02D82840906F007EAE80 /* ParkDogBagApp.swift in Sources */ = {isa = PBXBuildFile; fileRef = 2D3D02D72840906F007EAE80 /* ParkDogBagApp.swift */; };
		2D3D02DA2840906F007EAE80 /* ContentView.swift in Sources */ = {isa = PBXBuildFile; fileRef = 2D3D02D92840906F007EAE80 /* ContentView.swift */; };
		2D3D02DC28409070007EAE80 /* Assets.xcassets in Resources */ = {isa = PBXBuildFile; fileRef = 2D3D02DB28409070007EAE80 /* Assets.xcassets */; };
		2D3D02DF28409070007EAE80 /* Preview Assets.xcassets in Resources */ = {isa = PBXBuildFile; fileRef = 2D3D02DE28409070007EAE80 /* Preview Assets.xcassets */; };
		2D65FF23284ED2680037F2C9 /* GoogleMobileAds in Frameworks */ = {isa = PBXBuildFile; productRef = 2D65FF22284ED2680037F2C9 /* GoogleMobileAds */; };
		2D65FF25284F6D910037F2C9 /* CouldSeeAdmobView.swift in Sources */ = {isa = PBXBuildFile; fileRef = 2D65FF24284F6D910037F2C9 /* CouldSeeAdmobView.swift */; };
		2D65FF27284F6DEC0037F2C9 /* RewardedAd.swift in Sources */ = {isa = PBXBuildFile; fileRef = 2D65FF26284F6DEC0037F2C9 /* RewardedAd.swift */; };
		2D65FF47285176E80037F2C9 /* ImagePicker.swift in Sources */ = {isa = PBXBuildFile; fileRef = 2D65FF46285176E80037F2C9 /* ImagePicker.swift */; };
		2DA723A92848D0A7009E5E14 /* LoadingProgressView.swift in Sources */ = {isa = PBXBuildFile; fileRef = 2DA723A82848D0A7009E5E14 /* LoadingProgressView.swift */; };
/* End PBXBuildFile section */

/* Begin PBXFileReference section */
		2D0DBF6628444541007722B9 /* FBBagLocationViewModel.swift */ = {isa = PBXFileReference; lastKnownFileType = sourcecode.swift; path = FBBagLocationViewModel.swift; sourceTree = "<group>"; };
		2D0DBF6F28444714007722B9 /* GoogleService-Info.plist */ = {isa = PBXFileReference; fileEncoding = 4; lastKnownFileType = text.plist.xml; path = "GoogleService-Info.plist"; sourceTree = "<group>"; };
		2D0DBF7128444736007722B9 /* FBLocation.swift */ = {isa = PBXFileReference; lastKnownFileType = sourcecode.swift; path = FBLocation.swift; sourceTree = "<group>"; };
		2D0DBF742844487F007722B9 /* MapView.swift */ = {isa = PBXFileReference; lastKnownFileType = sourcecode.swift; path = MapView.swift; sourceTree = "<group>"; };
		2D0DBF76284485D8007722B9 /* ListView.swift */ = {isa = PBXFileReference; lastKnownFileType = sourcecode.swift; path = ListView.swift; sourceTree = "<group>"; };
		2D3D02D42840906F007EAE80 /* ParkDogBag.app */ = {isa = PBXFileReference; explicitFileType = wrapper.application; includeInIndex = 0; path = ParkDogBag.app; sourceTree = BUILT_PRODUCTS_DIR; };
		2D3D02D72840906F007EAE80 /* ParkDogBagApp.swift */ = {isa = PBXFileReference; lastKnownFileType = sourcecode.swift; path = ParkDogBagApp.swift; sourceTree = "<group>"; };
		2D3D02D92840906F007EAE80 /* ContentView.swift */ = {isa = PBXFileReference; lastKnownFileType = sourcecode.swift; path = ContentView.swift; sourceTree = "<group>"; };
		2D3D02DB28409070007EAE80 /* Assets.xcassets */ = {isa = PBXFileReference; lastKnownFileType = folder.assetcatalog; path = Assets.xcassets; sourceTree = "<group>"; };
		2D3D02DE28409070007EAE80 /* Preview Assets.xcassets */ = {isa = PBXFileReference; lastKnownFileType = folder.assetcatalog; path = "Preview Assets.xcassets"; sourceTree = "<group>"; };
		2D3D02E8284090BD007EAE80 /* Info.plist */ = {isa = PBXFileReference; lastKnownFileType = text.plist; path = Info.plist; sourceTree = "<group>"; };
		2D65FF24284F6D910037F2C9 /* CouldSeeAdmobView.swift */ = {isa = PBXFileReference; lastKnownFileType = sourcecode.swift; path = CouldSeeAdmobView.swift; sourceTree = "<group>"; };
		2D65FF26284F6DEC0037F2C9 /* RewardedAd.swift */ = {isa = PBXFileReference; lastKnownFileType = sourcecode.swift; path = RewardedAd.swift; sourceTree = "<group>"; };
		2D65FF46285176E80037F2C9 /* ImagePicker.swift */ = {isa = PBXFileReference; lastKnownFileType = sourcecode.swift; path = ImagePicker.swift; sourceTree = "<group>"; };
		2DA723A82848D0A7009E5E14 /* LoadingProgressView.swift */ = {isa = PBXFileReference; lastKnownFileType = sourcecode.swift; path = LoadingProgressView.swift; sourceTree = "<group>"; };
/* End PBXFileReference section */

/* Begin PBXFrameworksBuildPhase section */
		2D3D02D12840906F007EAE80 /* Frameworks */ = {
			isa = PBXFrameworksBuildPhase;
			buildActionMask = 2147483647;
			files = (
				2D65FF23284ED2680037F2C9 /* GoogleMobileAds in Frameworks */,
				2D0DBF6C28444702007722B9 /* FirebaseFirestoreCombine-Community in Frameworks */,
				2D0DBF6A28444702007722B9 /* FirebaseFirestore in Frameworks */,
				2D0DBF6E28444702007722B9 /* FirebaseFirestoreSwift in Frameworks */,
			);
			runOnlyForDeploymentPostprocessing = 0;
		};
/* End PBXFrameworksBuildPhase section */

/* Begin PBXGroup section */
		2D0DBF6428444523007722B9 /* ViewModel */ = {
			isa = PBXGroup;
			children = (
				2D0DBF6628444541007722B9 /* FBBagLocationViewModel.swift */,
				2D65FF26284F6DEC0037F2C9 /* RewardedAd.swift */,
				2D65FF46285176E80037F2C9 /* ImagePicker.swift */,
			);
			path = ViewModel;
			sourceTree = "<group>";
		};
		2D0DBF652844452C007722B9 /* Model */ = {
			isa = PBXGroup;
			children = (
				2D0DBF7128444736007722B9 /* FBLocation.swift */,
			);
			path = Model;
			sourceTree = "<group>";
		};
		2D0DBF732844486C007722B9 /* View */ = {
			isa = PBXGroup;
			children = (
				2D3D02D92840906F007EAE80 /* ContentView.swift */,
				2D0DBF742844487F007722B9 /* MapView.swift */,
				2D0DBF76284485D8007722B9 /* ListView.swift */,
				2DA723A82848D0A7009E5E14 /* LoadingProgressView.swift */,
				2D65FF24284F6D910037F2C9 /* CouldSeeAdmobView.swift */,
			);
			path = View;
			sourceTree = "<group>";
		};
		2D3D02CB2840906F007EAE80 = {
			isa = PBXGroup;
			children = (
				2D3D02D62840906F007EAE80 /* ParkDogBag */,
				2D3D02D52840906F007EAE80 /* Products */,
			);
			sourceTree = "<group>";
		};
		2D3D02D52840906F007EAE80 /* Products */ = {
			isa = PBXGroup;
			children = (
				2D3D02D42840906F007EAE80 /* ParkDogBag.app */,
			);
			name = Products;
			sourceTree = "<group>";
		};
		2D3D02D62840906F007EAE80 /* ParkDogBag */ = {
			isa = PBXGroup;
			children = (
				2D3D02D72840906F007EAE80 /* ParkDogBagApp.swift */,
				2D0DBF732844486C007722B9 /* View */,
				2D0DBF652844452C007722B9 /* Model */,
				2D0DBF6428444523007722B9 /* ViewModel */,
				2D3D02DB28409070007EAE80 /* Assets.xcassets */,
				2D3D02E8284090BD007EAE80 /* Info.plist */,
				2D0DBF6F28444714007722B9 /* GoogleService-Info.plist */,
				2D3D02DD28409070007EAE80 /* Preview Content */,
			);
			path = ParkDogBag;
			sourceTree = "<group>";
		};
		2D3D02DD28409070007EAE80 /* Preview Content */ = {
			isa = PBXGroup;
			children = (
				2D3D02DE28409070007EAE80 /* Preview Assets.xcassets */,
			);
			path = "Preview Content";
			sourceTree = "<group>";
		};
/* End PBXGroup section */

/* Begin PBXNativeTarget section */
		2D3D02D32840906F007EAE80 /* ParkDogBag */ = {
			isa = PBXNativeTarget;
			buildConfigurationList = 2D3D02E228409070007EAE80 /* Build configuration list for PBXNativeTarget "ParkDogBag" */;
			buildPhases = (
				2D3D02D02840906F007EAE80 /* Sources */,
				2D3D02D12840906F007EAE80 /* Frameworks */,
				2D3D02D22840906F007EAE80 /* Resources */,
			);
			buildRules = (
			);
			dependencies = (
			);
			name = ParkDogBag;
			packageProductDependencies = (
				2D0DBF6928444702007722B9 /* FirebaseFirestore */,
				2D0DBF6B28444702007722B9 /* FirebaseFirestoreCombine-Community */,
				2D0DBF6D28444702007722B9 /* FirebaseFirestoreSwift */,
				2D65FF22284ED2680037F2C9 /* GoogleMobileAds */,
			);
			productName = ParkDogBag;
			productReference = 2D3D02D42840906F007EAE80 /* ParkDogBag.app */;
			productType = "com.apple.product-type.application";
		};
/* End PBXNativeTarget section */

/* Begin PBXProject section */
		2D3D02CC2840906F007EAE80 /* Project object */ = {
			isa = PBXProject;
			attributes = {
				BuildIndependentTargetsInParallel = 1;
				LastSwiftUpdateCheck = 1320;
				LastUpgradeCheck = 1320;
				TargetAttributes = {
					2D3D02D32840906F007EAE80 = {
						CreatedOnToolsVersion = 13.2;
					};
				};
			};
			buildConfigurationList = 2D3D02CF2840906F007EAE80 /* Build configuration list for PBXProject "ParkDogBag" */;
			compatibilityVersion = "Xcode 13.0";
			developmentRegion = en;
			hasScannedForEncodings = 0;
			knownRegions = (
				en,
				Base,
			);
			mainGroup = 2D3D02CB2840906F007EAE80;
			packageReferences = (
				2D0DBF6828444702007722B9 /* XCRemoteSwiftPackageReference "firebase-ios-sdk" */,
				2D65FF21284ED2680037F2C9 /* XCRemoteSwiftPackageReference "swift-package-manager-google-mobile-ads" */,
			);
			productRefGroup = 2D3D02D52840906F007EAE80 /* Products */;
			projectDirPath = "";
			projectRoot = "";
			targets = (
				2D3D02D32840906F007EAE80 /* ParkDogBag */,
			);
		};
/* End PBXProject section */

/* Begin PBXResourcesBuildPhase section */
		2D3D02D22840906F007EAE80 /* Resources */ = {
			isa = PBXResourcesBuildPhase;
			buildActionMask = 2147483647;
			files = (
				2D3D02DF28409070007EAE80 /* Preview Assets.xcassets in Resources */,
				2D3D02DC28409070007EAE80 /* Assets.xcassets in Resources */,
				2D0DBF7028444714007722B9 /* GoogleService-Info.plist in Resources */,
			);
			runOnlyForDeploymentPostprocessing = 0;
		};
/* End PBXResourcesBuildPhase section */

/* Begin PBXSourcesBuildPhase section */
		2D3D02D02840906F007EAE80 /* Sources */ = {
			isa = PBXSourcesBuildPhase;
			buildActionMask = 2147483647;
			files = (
				2D0DBF7228444736007722B9 /* FBLocation.swift in Sources */,
				2D3D02DA2840906F007EAE80 /* ContentView.swift in Sources */,
				2D65FF27284F6DEC0037F2C9 /* RewardedAd.swift in Sources */,
				2D0DBF77284485D8007722B9 /* ListView.swift in Sources */,
				2D0DBF752844487F007722B9 /* MapView.swift in Sources */,
				2D65FF25284F6D910037F2C9 /* CouldSeeAdmobView.swift in Sources */,
				2DA723A92848D0A7009E5E14 /* LoadingProgressView.swift in Sources */,
				2D65FF47285176E80037F2C9 /* ImagePicker.swift in Sources */,
				2D0DBF6728444541007722B9 /* FBBagLocationViewModel.swift in Sources */,
				2D3D02D82840906F007EAE80 /* ParkDogBagApp.swift in Sources */,
			);
			runOnlyForDeploymentPostprocessing = 0;
		};
/* End PBXSourcesBuildPhase section */

/* Begin XCBuildConfiguration section */
		2D3D02E028409070007EAE80 /* Debug */ = {
			isa = XCBuildConfiguration;
			buildSettings = {
				ALWAYS_SEARCH_USER_PATHS = NO;
				CLANG_ANALYZER_NONNULL = YES;
				CLANG_ANALYZER_NUMBER_OBJECT_CONVERSION = YES_AGGRESSIVE;
				CLANG_CXX_LANGUAGE_STANDARD = "gnu++17";
				CLANG_CXX_LIBRARY = "libc++";
				CLANG_ENABLE_MODULES = YES;
				CLANG_ENABLE_OBJC_ARC = YES;
				CLANG_ENABLE_OBJC_WEAK = YES;
				CLANG_WARN_BLOCK_CAPTURE_AUTORELEASING = YES;
				CLANG_WARN_BOOL_CONVERSION = YES;
				CLANG_WARN_COMMA = YES;
				CLANG_WARN_CONSTANT_CONVERSION = YES;
				CLANG_WARN_DEPRECATED_OBJC_IMPLEMENTATIONS = YES;
				CLANG_WARN_DIRECT_OBJC_ISA_USAGE = YES_ERROR;
				CLANG_WARN_DOCUMENTATION_COMMENTS = YES;
				CLANG_WARN_EMPTY_BODY = YES;
				CLANG_WARN_ENUM_CONVERSION = YES;
				CLANG_WARN_INFINITE_RECURSION = YES;
				CLANG_WARN_INT_CONVERSION = YES;
				CLANG_WARN_NON_LITERAL_NULL_CONVERSION = YES;
				CLANG_WARN_OBJC_IMPLICIT_RETAIN_SELF = YES;
				CLANG_WARN_OBJC_LITERAL_CONVERSION = YES;
				CLANG_WARN_OBJC_ROOT_CLASS = YES_ERROR;
				CLANG_WARN_QUOTED_INCLUDE_IN_FRAMEWORK_HEADER = YES;
				CLANG_WARN_RANGE_LOOP_ANALYSIS = YES;
				CLANG_WARN_STRICT_PROTOTYPES = YES;
				CLANG_WARN_SUSPICIOUS_MOVE = YES;
				CLANG_WARN_UNGUARDED_AVAILABILITY = YES_AGGRESSIVE;
				CLANG_WARN_UNREACHABLE_CODE = YES;
				CLANG_WARN__DUPLICATE_METHOD_MATCH = YES;
				COPY_PHASE_STRIP = NO;
				DEBUG_INFORMATION_FORMAT = dwarf;
				ENABLE_STRICT_OBJC_MSGSEND = YES;
				ENABLE_TESTABILITY = YES;
				GCC_C_LANGUAGE_STANDARD = gnu11;
				GCC_DYNAMIC_NO_PIC = NO;
				GCC_NO_COMMON_BLOCKS = YES;
				GCC_OPTIMIZATION_LEVEL = 0;
				GCC_PREPROCESSOR_DEFINITIONS = (
					"DEBUG=1",
					"$(inherited)",
				);
				GCC_WARN_64_TO_32_BIT_CONVERSION = YES;
				GCC_WARN_ABOUT_RETURN_TYPE = YES_ERROR;
				GCC_WARN_UNDECLARED_SELECTOR = YES;
				GCC_WARN_UNINITIALIZED_AUTOS = YES_AGGRESSIVE;
				GCC_WARN_UNUSED_FUNCTION = YES;
				GCC_WARN_UNUSED_VARIABLE = YES;
				IPHONEOS_DEPLOYMENT_TARGET = 15.0;
				MTL_ENABLE_DEBUG_INFO = INCLUDE_SOURCE;
				MTL_FAST_MATH = YES;
				ONLY_ACTIVE_ARCH = YES;
				SDKROOT = iphoneos;
				SWIFT_ACTIVE_COMPILATION_CONDITIONS = DEBUG;
				SWIFT_OPTIMIZATION_LEVEL = "-Onone";
			};
			name = Debug;
		};
		2D3D02E128409070007EAE80 /* Release */ = {
			isa = XCBuildConfiguration;
			buildSettings = {
				ALWAYS_SEARCH_USER_PATHS = NO;
				CLANG_ANALYZER_NONNULL = YES;
				CLANG_ANALYZER_NUMBER_OBJECT_CONVERSION = YES_AGGRESSIVE;
				CLANG_CXX_LANGUAGE_STANDARD = "gnu++17";
				CLANG_CXX_LIBRARY = "libc++";
				CLANG_ENABLE_MODULES = YES;
				CLANG_ENABLE_OBJC_ARC = YES;
				CLANG_ENABLE_OBJC_WEAK = YES;
				CLANG_WARN_BLOCK_CAPTURE_AUTORELEASING = YES;
				CLANG_WARN_BOOL_CONVERSION = YES;
				CLANG_WARN_COMMA = YES;
				CLANG_WARN_CONSTANT_CONVERSION = YES;
				CLANG_WARN_DEPRECATED_OBJC_IMPLEMENTATIONS = YES;
				CLANG_WARN_DIRECT_OBJC_ISA_USAGE = YES_ERROR;
				CLANG_WARN_DOCUMENTATION_COMMENTS = YES;
				CLANG_WARN_EMPTY_BODY = YES;
				CLANG_WARN_ENUM_CONVERSION = YES;
				CLANG_WARN_INFINITE_RECURSION = YES;
				CLANG_WARN_INT_CONVERSION = YES;
				CLANG_WARN_NON_LITERAL_NULL_CONVERSION = YES;
				CLANG_WARN_OBJC_IMPLICIT_RETAIN_SELF = YES;
				CLANG_WARN_OBJC_LITERAL_CONVERSION = YES;
				CLANG_WARN_OBJC_ROOT_CLASS = YES_ERROR;
				CLANG_WARN_QUOTED_INCLUDE_IN_FRAMEWORK_HEADER = YES;
				CLANG_WARN_RANGE_LOOP_ANALYSIS = YES;
				CLANG_WARN_STRICT_PROTOTYPES = YES;
				CLANG_WARN_SUSPICIOUS_MOVE = YES;
				CLANG_WARN_UNGUARDED_AVAILABILITY = YES_AGGRESSIVE;
				CLANG_WARN_UNREACHABLE_CODE = YES;
				CLANG_WARN__DUPLICATE_METHOD_MATCH = YES;
				COPY_PHASE_STRIP = NO;
				DEBUG_INFORMATION_FORMAT = "dwarf-with-dsym";
				ENABLE_NS_ASSERTIONS = NO;
				ENABLE_STRICT_OBJC_MSGSEND = YES;
				GCC_C_LANGUAGE_STANDARD = gnu11;
				GCC_NO_COMMON_BLOCKS = YES;
				GCC_WARN_64_TO_32_BIT_CONVERSION = YES;
				GCC_WARN_ABOUT_RETURN_TYPE = YES_ERROR;
				GCC_WARN_UNDECLARED_SELECTOR = YES;
				GCC_WARN_UNINITIALIZED_AUTOS = YES_AGGRESSIVE;
				GCC_WARN_UNUSED_FUNCTION = YES;
				GCC_WARN_UNUSED_VARIABLE = YES;
				IPHONEOS_DEPLOYMENT_TARGET = 15.0;
				MTL_ENABLE_DEBUG_INFO = NO;
				MTL_FAST_MATH = YES;
				SDKROOT = iphoneos;
				SWIFT_COMPILATION_MODE = wholemodule;
				SWIFT_OPTIMIZATION_LEVEL = "-O";
				VALIDATE_PRODUCT = YES;
			};
			name = Release;
		};
		2D3D02E328409070007EAE80 /* Debug */ = {
			isa = XCBuildConfiguration;
			buildSettings = {
				ASSETCATALOG_COMPILER_APPICON_NAME = AppIcon;
				ASSETCATALOG_COMPILER_GLOBAL_ACCENT_COLOR_NAME = AccentColor;
				CODE_SIGN_STYLE = Automatic;
				CURRENT_PROJECT_VERSION = 1;
				DEVELOPMENT_ASSET_PATHS = "\"ParkDogBag/Preview Content\"";
				DEVELOPMENT_TEAM = D758S53U98;
				ENABLE_PREVIEWS = YES;
				GENERATE_INFOPLIST_FILE = YES;
				INFOPLIST_FILE = ParkDogBag/Info.plist;
				INFOPLIST_KEY_NSLocationWhenInUseUsageDescription = "是否同意取用您的地理位置已判斷狗便袋距離？";
				INFOPLIST_KEY_UIApplicationSceneManifest_Generation = YES;
				INFOPLIST_KEY_UIApplicationSupportsIndirectInputEvents = YES;
				INFOPLIST_KEY_UILaunchScreen_Generation = YES;
				INFOPLIST_KEY_UISupportedInterfaceOrientations_iPad = "UIInterfaceOrientationPortrait UIInterfaceOrientationPortraitUpsideDown UIInterfaceOrientationLandscapeLeft UIInterfaceOrientationLandscapeRight";
				INFOPLIST_KEY_UISupportedInterfaceOrientations_iPhone = "UIInterfaceOrientationPortrait UIInterfaceOrientationLandscapeLeft UIInterfaceOrientationLandscapeRight";
				LD_RUNPATH_SEARCH_PATHS = (
					"$(inherited)",
					"@executable_path/Frameworks",
				);
				MARKETING_VERSION = 1.0;
				PRODUCT_BUNDLE_IDENTIFIER = com.dogpa.ParkDogBag;
				PRODUCT_NAME = "$(TARGET_NAME)";
				SWIFT_EMIT_LOC_STRINGS = YES;
				SWIFT_VERSION = 5.0;
				TARGETED_DEVICE_FAMILY = "1,2";
			};
			name = Debug;
		};
		2D3D02E428409070007EAE80 /* Release */ = {
			isa = XCBuildConfiguration;
			buildSettings = {
				ASSETCATALOG_COMPILER_APPICON_NAME = AppIcon;
				ASSETCATALOG_COMPILER_GLOBAL_ACCENT_COLOR_NAME = AccentColor;
				CODE_SIGN_STYLE = Automatic;
				CURRENT_PROJECT_VERSION = 1;
				DEVELOPMENT_ASSET_PATHS = "\"ParkDogBag/Preview Content\"";
				DEVELOPMENT_TEAM = D758S53U98;
				ENABLE_PREVIEWS = YES;
				GENERATE_INFOPLIST_FILE = YES;
				INFOPLIST_FILE = ParkDogBag/Info.plist;
				INFOPLIST_KEY_NSLocationWhenInUseUsageDescription = "是否同意取用您的地理位置已判斷狗便袋距離？";
				INFOPLIST_KEY_UIApplicationSceneManifest_Generation = YES;
				INFOPLIST_KEY_UIApplicationSupportsIndirectInputEvents = YES;
				INFOPLIST_KEY_UILaunchScreen_Generation = YES;
				INFOPLIST_KEY_UISupportedInterfaceOrientations_iPad = "UIInterfaceOrientationPortrait UIInterfaceOrientationPortraitUpsideDown UIInterfaceOrientationLandscapeLeft UIInterfaceOrientationLandscapeRight";
				INFOPLIST_KEY_UISupportedInterfaceOrientations_iPhone = "UIInterfaceOrientationPortrait UIInterfaceOrientationLandscapeLeft UIInterfaceOrientationLandscapeRight";
				LD_RUNPATH_SEARCH_PATHS = (
					"$(inherited)",
					"@executable_path/Frameworks",
				);
				MARKETING_VERSION = 1.0;
				PRODUCT_BUNDLE_IDENTIFIER = com.dogpa.ParkDogBag;
				PRODUCT_NAME = "$(TARGET_NAME)";
				SWIFT_EMIT_LOC_STRINGS = YES;
				SWIFT_VERSION = 5.0;
				TARGETED_DEVICE_FAMILY = "1,2";
			};
			name = Release;
		};
/* End XCBuildConfiguration section */

/* Begin XCConfigurationList section */
		2D3D02CF2840906F007EAE80 /* Build configuration list for PBXProject "ParkDogBag" */ = {
			isa = XCConfigurationList;
			buildConfigurations = (
				2D3D02E028409070007EAE80 /* Debug */,
				2D3D02E128409070007EAE80 /* Release */,
			);
			defaultConfigurationIsVisible = 0;
			defaultConfigurationName = Release;
		};
		2D3D02E228409070007EAE80 /* Build configuration list for PBXNativeTarget "ParkDogBag" */ = {
			isa = XCConfigurationList;
			buildConfigurations = (
				2D3D02E328409070007EAE80 /* Debug */,
				2D3D02E428409070007EAE80 /* Release */,
			);
			defaultConfigurationIsVisible = 0;
			defaultConfigurationName = Release;
		};
/* End XCConfigurationList section */

/* Begin XCRemoteSwiftPackageReference section */
		2D0DBF6828444702007722B9 /* XCRemoteSwiftPackageReference "firebase-ios-sdk" */ = {
			isa = XCRemoteSwiftPackageReference;
			repositoryURL = "https://github.com/firebase/firebase-ios-sdk";
			requirement = {
				kind = upToNextMajorVersion;
				minimumVersion = 9.0.0;
			};
		};
		2D65FF21284ED2680037F2C9 /* XCRemoteSwiftPackageReference "swift-package-manager-google-mobile-ads" */ = {
			isa = XCRemoteSwiftPackageReference;
			repositoryURL = "https://github.com/googleads/swift-package-manager-google-mobile-ads.git";
			requirement = {
				kind = upToNextMajorVersion;
				minimumVersion = 9.0.0;
			};
		};
/* End XCRemoteSwiftPackageReference section */

/* Begin XCSwiftPackageProductDependency section */
		2D0DBF6928444702007722B9 /* FirebaseFirestore */ = {
			isa = XCSwiftPackageProductDependency;
			package = 2D0DBF6828444702007722B9 /* XCRemoteSwiftPackageReference "firebase-ios-sdk" */;
			productName = FirebaseFirestore;
		};
		2D0DBF6B28444702007722B9 /* FirebaseFirestoreCombine-Community */ = {
			isa = XCSwiftPackageProductDependency;
			package = 2D0DBF6828444702007722B9 /* XCRemoteSwiftPackageReference "firebase-ios-sdk" */;
			productName = "FirebaseFirestoreCombine-Community";
		};
		2D0DBF6D28444702007722B9 /* FirebaseFirestoreSwift */ = {
			isa = XCSwiftPackageProductDependency;
			package = 2D0DBF6828444702007722B9 /* XCRemoteSwiftPackageReference "firebase-ios-sdk" */;
			productName = FirebaseFirestoreSwift;
		};
		2D65FF22284ED2680037F2C9 /* GoogleMobileAds */ = {
			isa = XCSwiftPackageProductDependency;
			package = 2D65FF21284ED2680037F2C9 /* XCRemoteSwiftPackageReference "swift-package-manager-google-mobile-ads" */;
			productName = GoogleMobileAds;
		};
/* End XCSwiftPackageProductDependency section */
	};
	rootObject = 2D3D02CC2840906F007EAE80 /* Project object */;
}
